{
  "name": "project_2",
  "version": "1.0.0",
  "lockfileVersion": 1,
  "requires": true,
  "dependencies": {
    "body-parser": {
      "version": "1.17.2",
      "resolved": "https://registry.npmjs.org/body-parser/-/body-parser-1.17.2.tgz",
      "integrity": "sha1-+IkqvI+eYn1Crtr7yma/WrmRBO4="
    },
    "express": {
      "version": "4.15.3",
      "resolved": "https://registry.npmjs.org/express/-/express-4.15.3.tgz",
      "integrity": "sha1-urZdDwOqgMNYQIly/HAPkWlEtmI="
    },
    "express-handlebars": {
      "version": "3.0.0",
      "resolved": "https://registry.npmjs.org/express-handlebars/-/express-handlebars-3.0.0.tgz",
      "integrity": "sha1-gKBwu4GbCeSvLKbQeA91zgXnXC8="
    },
    "method-override": {
      "version": "2.3.9",
      "resolved": "https://registry.npmjs.org/method-override/-/method-override-2.3.9.tgz",
      "integrity": "sha1-vRUfLONM8Bp2ykAKuVwBKxAtj3E=",
      "dependencies": {
        "debug": {
          "version": "2.6.8",
          "resolved": "https://registry.npmjs.org/debug/-/debug-2.6.8.tgz",
          "integrity": "sha1-5zFTHKLt4n0YgiJCfaF4IdaP9Pw="
        }
      }
    },
    "mysql": {
      "version": "2.13.0",
      "resolved": "https://registry.npmjs.org/mysql/-/mysql-2.13.0.tgz",
      "integrity": "sha1-mY8fjKRuLj3XFJzpgkE2U5hqrkc="
    },
    "mysql2": {
      "version": "1.3.5",
      "resolved": "https://registry.npmjs.org/mysql2/-/mysql2-1.3.5.tgz",
      "integrity": "sha1-rmoJkiij3Ln5RUZ2B2/pOT1wrv4=",
      "dependencies": {
        "iconv-lite": {
          "version": "0.4.18",
          "resolved": "https://registry.npmjs.org/iconv-lite/-/iconv-lite-0.4.18.tgz",
          "integrity": "sha512-sr1ZQph3UwHTR0XftSbK85OvBbxe/abLGzEnPENCQwmHf7sck8Oyu4ob3LgBxWWxRoM+QszeUyl7jbqapu2TqA=="
        },
        "isarray": {
          "version": "1.0.0",
          "resolved": "https://registry.npmjs.org/isarray/-/isarray-1.0.0.tgz",
          "integrity": "sha1-u5NdSFgsuhaMBoNJV6VKPgcSTxE="
        },
        "readable-stream": {
          "version": "2.2.11",
          "resolved": "https://registry.npmjs.org/readable-stream/-/readable-stream-2.2.11.tgz",
          "integrity": "sha512-h+8+r3MKEhkiVrwdKL8aWs1oc1VvBu33ueshOvS26RsZQ3Amhx/oO3TKe4lApSV9ueY6as8EAh7mtuFjdlhg9Q==",
          "dependencies": {
            "safe-buffer": {
              "version": "5.0.1",
              "resolved": "https://registry.npmjs.org/safe-buffer/-/safe-buffer-5.0.1.tgz",
              "integrity": "sha1-0mPKVGls2KMGtcplUekt5XkY++c="
            }
          }
        },
        "string_decoder": {
          "version": "1.0.3",
          "resolved": "https://registry.npmjs.org/string_decoder/-/string_decoder-1.0.3.tgz",
          "integrity": "sha512-4AH6Z5fzNNBcH+6XDMfA/BTt87skxqJlO0lAh3Dker5zThcAxG6mKz+iGu308UKoPPQ8Dcqx/4JhujzltRa+hQ=="
        }
      }
    },
    "sequelize": {
      "version": "4.3.0",
      "resolved": "https://registry.npmjs.org/sequelize/-/sequelize-4.3.0.tgz",
      "integrity": "sha1-4pDL5i+wqW8TUZTc1e7ztaM8alA="
    }
  }
}
